
Microsoft Visual Studio Solution File, Format Version 12.00
# Visual Studio 14
VisualStudioVersion = 14.0.25420.1
MinimumVisualStudioVersion = 10.0.40219.1
Project("{FAE04EC0-301F-11D3-BF4B-00C04F79EFBC}") = "AplikasiSelamatDatang", "AplikasiSelamatDatang.csproj", "{AB1EB5EE-689B-4311-B4D5-F875826D5B16}"
EndProject
Global
	GlobalSection(SolutionConfigurationPlatforms) = preSolution
		Debug|Any CPU = Debug|Any CPU
		Release|Any CPU = Release|Any CPU
	EndGlobalSection
	GlobalSection(ProjectConfigurationPlatforms) = postSolution
		{AB1EB5EE-689B-4311-B4D5-F875826D5B16}.Debug|Any CPU.ActiveCfg = Debug|Any CPU
		{AB1EB5EE-689B-4311-B4D5-F875826D5B16}.Debug|Any CPU.Build.0 = Debug|Any CPU
		{AB1EB5EE-689B-4311-B4D5-F875826D5B16}.Release|Any CPU.ActiveCfg = Release|Any CPU
		{AB1EB5EE-689B-4311-B4D5-F875826D5B16}.Release|Any CPU.Build.0 = Release|Any CPU
	EndGlobalSection
	GlobalSection(SolutionProperties) = preSolution
		HideSolutionNode = FALSE
	EndGlobalSection
EndGlobal
